
Microsoft Visual Studio Solution File, Format Version 12.00
# Visual Studio Version 17
VisualStudioVersion = 17.0.31919.166
MinimumVisualStudioVersion = 10.0.40219.1
Project("{9A19103F-16F7-4668-BE54-9A1E7A4F7556}") = "CommuMoney.DAL", "CommuMoney.DAL\CommuMoney.DAL.csproj", "{D622E754-9F63-4890-800D-AAECD33B6661}"
EndProject
Project("{9A19103F-16F7-4668-BE54-9A1E7A4F7556}") = "CommuMoney.DAL.Tests", "CommuMoney.DAL.Tests\CommuMoney.DAL.Tests.csproj", "{8A1255AA-F8B2-43E7-9F57-2530D89A79FF}"
EndProject
Project("{2150E333-8FDC-42A3-9474-1A3956D46DE8}") = "Tests", "Tests", "{A9AAB12E-B9BC-4A80-92AC-AAD45CC8E2BC}"
EndProject
Project("{9A19103F-16F7-4668-BE54-9A1E7A4F7556}") = "CommuMoney.METIER", "CommuMoney.METIER\CommuMoney.METIER.csproj", "{3FBD9C75-F402-489F-A489-39DF71813974}"
EndProject
Global
	GlobalSection(SolutionConfigurationPlatforms) = preSolution
		Debug|Any CPU = Debug|Any CPU
		Release|Any CPU = Release|Any CPU
	EndGlobalSection
	GlobalSection(ProjectConfigurationPlatforms) = postSolution
		{D622E754-9F63-4890-800D-AAECD33B6661}.Debug|Any CPU.ActiveCfg = Debug|Any CPU
		{D622E754-9F63-4890-800D-AAECD33B6661}.Debug|Any CPU.Build.0 = Debug|Any CPU
		{D622E754-9F63-4890-800D-AAECD33B6661}.Release|Any CPU.ActiveCfg = Release|Any CPU
		{D622E754-9F63-4890-800D-AAECD33B6661}.Release|Any CPU.Build.0 = Release|Any CPU
		{8A1255AA-F8B2-43E7-9F57-2530D89A79FF}.Debug|Any CPU.ActiveCfg = Debug|Any CPU
		{8A1255AA-F8B2-43E7-9F57-2530D89A79FF}.Debug|Any CPU.Build.0 = Debug|Any CPU
		{8A1255AA-F8B2-43E7-9F57-2530D89A79FF}.Release|Any CPU.ActiveCfg = Release|Any CPU
		{8A1255AA-F8B2-43E7-9F57-2530D89A79FF}.Release|Any CPU.Build.0 = Release|Any CPU
		{3FBD9C75-F402-489F-A489-39DF71813974}.Debug|Any CPU.ActiveCfg = Debug|Any CPU
		{3FBD9C75-F402-489F-A489-39DF71813974}.Debug|Any CPU.Build.0 = Debug|Any CPU
		{3FBD9C75-F402-489F-A489-39DF71813974}.Release|Any CPU.ActiveCfg = Release|Any CPU
		{3FBD9C75-F402-489F-A489-39DF71813974}.Release|Any CPU.Build.0 = Release|Any CPU
	EndGlobalSection
	GlobalSection(SolutionProperties) = preSolution
		HideSolutionNode = FALSE
	EndGlobalSection
	GlobalSection(NestedProjects) = preSolution
		{8A1255AA-F8B2-43E7-9F57-2530D89A79FF} = {A9AAB12E-B9BC-4A80-92AC-AAD45CC8E2BC}
	EndGlobalSection
	GlobalSection(ExtensibilityGlobals) = postSolution
		SolutionGuid = {0000C239-7ED0-4E76-8D55-9A9B89863358}
	EndGlobalSection
EndGlobal
